
Microsoft Visual Studio Solution File, Format Version 12.00
# Visual Studio Version 17
VisualStudioVersion = 17.3.32929.385
MinimumVisualStudioVersion = 10.0.40219.1
Project("{FAE04EC0-301F-11D3-BF4B-00C04F79EFBC}") = "VeterinaryOfficeAPI", "VeterinaryOfficeAPI\VeterinaryOfficeAPI.csproj", "{1E9DBEF1-39FE-4E47-8A38-2D60165D956E}"
EndProject
Global
	GlobalSection(SolutionConfigurationPlatforms) = preSolution
		Debug|Any CPU = Debug|Any CPU
		Release|Any CPU = Release|Any CPU
	EndGlobalSection
	GlobalSection(ProjectConfigurationPlatforms) = postSolution
		{1E9DBEF1-39FE-4E47-8A38-2D60165D956E}.Debug|Any CPU.ActiveCfg = Debug|Any CPU
		{1E9DBEF1-39FE-4E47-8A38-2D60165D956E}.Debug|Any CPU.Build.0 = Debug|Any CPU
		{1E9DBEF1-39FE-4E47-8A38-2D60165D956E}.Release|Any CPU.ActiveCfg = Release|Any CPU
		{1E9DBEF1-39FE-4E47-8A38-2D60165D956E}.Release|Any CPU.Build.0 = Release|Any CPU
	EndGlobalSection
	GlobalSection(SolutionProperties) = preSolution
		HideSolutionNode = FALSE
	EndGlobalSection
	GlobalSection(ExtensibilityGlobals) = postSolution
		SolutionGuid = {F2BF422B-84A6-49E2-8D0E-A1C47DAC3379}
	EndGlobalSection
EndGlobal
